
Microsoft Visual Studio Solution File, Format Version 12.00
# Visual Studio Version 17
VisualStudioVersion = 17.9.34902.65
MinimumVisualStudioVersion = 10.0.40219.1
Project("{FAE04EC0-301F-11D3-BF4B-00C04F79EFBC}") = "Users", "Users.csproj", "{209C1257-9A11-4842-867C-1A3C18524697}"
EndProject
Project("{FAE04EC0-301F-11D3-BF4B-00C04F79EFBC}") = "Users.DAL", "..\Users.DAL\Users.DAL.csproj", "{CE3AD834-FD9F-43F1-A2FF-B73B6E7C1694}"
EndProject
Project("{FAE04EC0-301F-11D3-BF4B-00C04F79EFBC}") = "Users.BL", "..\Users.BL\Users.BL.csproj", "{46F815B5-90C2-4571-B838-CC27818F4F0D}"
EndProject
Global
	GlobalSection(SolutionConfigurationPlatforms) = preSolution
		Debug|Any CPU = Debug|Any CPU
		Release|Any CPU = Release|Any CPU
	EndGlobalSection
	GlobalSection(ProjectConfigurationPlatforms) = postSolution
		{209C1257-9A11-4842-867C-1A3C18524697}.Debug|Any CPU.ActiveCfg = Debug|Any CPU
		{209C1257-9A11-4842-867C-1A3C18524697}.Debug|Any CPU.Build.0 = Debug|Any CPU
		{209C1257-9A11-4842-867C-1A3C18524697}.Release|Any CPU.ActiveCfg = Release|Any CPU
		{209C1257-9A11-4842-867C-1A3C18524697}.Release|Any CPU.Build.0 = Release|Any CPU
		{CE3AD834-FD9F-43F1-A2FF-B73B6E7C1694}.Debug|Any CPU.ActiveCfg = Debug|Any CPU
		{CE3AD834-FD9F-43F1-A2FF-B73B6E7C1694}.Debug|Any CPU.Build.0 = Debug|Any CPU
		{CE3AD834-FD9F-43F1-A2FF-B73B6E7C1694}.Release|Any CPU.ActiveCfg = Release|Any CPU
		{CE3AD834-FD9F-43F1-A2FF-B73B6E7C1694}.Release|Any CPU.Build.0 = Release|Any CPU
		{46F815B5-90C2-4571-B838-CC27818F4F0D}.Debug|Any CPU.ActiveCfg = Debug|Any CPU
		{46F815B5-90C2-4571-B838-CC27818F4F0D}.Debug|Any CPU.Build.0 = Debug|Any CPU
		{46F815B5-90C2-4571-B838-CC27818F4F0D}.Release|Any CPU.ActiveCfg = Release|Any CPU
		{46F815B5-90C2-4571-B838-CC27818F4F0D}.Release|Any CPU.Build.0 = Release|Any CPU
	EndGlobalSection
	GlobalSection(SolutionProperties) = preSolution
		HideSolutionNode = FALSE
	EndGlobalSection
	GlobalSection(ExtensibilityGlobals) = postSolution
		SolutionGuid = {910FE7BC-2676-483A-9B43-74D4B338C33E}
	EndGlobalSection
EndGlobal
